// !$*UTF8*$!
{
	archiveVersion = 1;
	classes = {
	};
	objectVersion = 46;
	objects = {

/* Begin PBXBuildFile section */
		9BC7169B19833B0C002EA01F /* Foundation.framework in Frameworks */ = {isa = PBXBuildFile; fileRef = 9BC7169A19833B0C002EA01F /* Foundation.framework */; };
		9BC7169D19833B0C002EA01F /* CoreGraphics.framework in Frameworks */ = {isa = PBXBuildFile; fileRef = 9BC7169C19833B0C002EA01F /* CoreGraphics.framework */; };
		9BC7169F19833B0C002EA01F /* UIKit.framework in Frameworks */ = {isa = PBXBuildFile; fileRef = 9BC7169E19833B0C002EA01F /* UIKit.framework */; };
		9BC716A519833B0C002EA01F /* InfoPlist.strings in Resources */ = {isa = PBXBuildFile; fileRef = 9BC716A319833B0C002EA01F /* InfoPlist.strings */; };
		9BC716A719833B0C002EA01F /* main.m in Sources */ = {isa = PBXBuildFile; fileRef = 9BC716A619833B0C002EA01F /* main.m */; };
		9BC716AB19833B0C002EA01F /* BSHAppDelegate.m in Sources */ = {isa = PBXBuildFile; fileRef = 9BC716AA19833B0C002EA01F /* BSHAppDelegate.m */; };
		9BC716AE19833B0C002EA01F /* Main.storyboard in Resources */ = {isa = PBXBuildFile; fileRef = 9BC716AC19833B0C002EA01F /* Main.storyboard */; };
		9BC716B119833B0C002EA01F /* BSHViewController.m in Sources */ = {isa = PBXBuildFile; fileRef = 9BC716B019833B0C002EA01F /* BSHViewController.m */; };
		9BC716B319833B0C002EA01F /* Images.xcassets in Resources */ = {isa = PBXBuildFile; fileRef = 9BC716B219833B0C002EA01F /* Images.xcassets */; };
		9BC716BA19833B0C002EA01F /* XCTest.framework in Frameworks */ = {isa = PBXBuildFile; fileRef = 9BC716B919833B0C002EA01F /* XCTest.framework */; };
		9BC716BB19833B0C002EA01F /* Foundation.framework in Frameworks */ = {isa = PBXBuildFile; fileRef = 9BC7169A19833B0C002EA01F /* Foundation.framework */; };
		9BC716BC19833B0C002EA01F /* UIKit.framework in Frameworks */ = {isa = PBXBuildFile; fileRef = 9BC7169E19833B0C002EA01F /* UIKit.framework */; };
		9BC716C419833B0C002EA01F /* InfoPlist.strings in Resources */ = {isa = PBXBuildFile; fileRef = 9BC716C219833B0C002EA01F /* InfoPlist.strings */; };
		9BC716C619833B0C002EA01F /* PointrTests.m in Sources */ = {isa = PBXBuildFile; fileRef = 9BC716C519833B0C002EA01F /* PointrTests.m */; };
/* End PBXBuildFile section */

/* Begin PBXContainerItemProxy section */
		9BC716BD19833B0C002EA01F /* PBXContainerItemProxy */ = {
			isa = PBXContainerItemProxy;
			containerPortal = 9BC7168F19833B0C002EA01F /* Project object */;
			proxyType = 1;
			remoteGlobalIDString = 9BC7169619833B0C002EA01F;
			remoteInfo = Pointr;
		};
/* End PBXContainerItemProxy section */

/* Begin PBXFileReference section */
		9BC7169719833B0C002EA01F /* Pointr.app */ = {isa = PBXFileReference; explicitFileType = wrapper.application; includeInIndex = 0; path = Pointr.app; sourceTree = BUILT_PRODUCTS_DIR; };
		9BC7169A19833B0C002EA01F /* Foundation.framework */ = {isa = PBXFileReference; lastKnownFileType = wrapper.framework; name = Foundation.framework; path = System/Library/Frameworks/Foundation.framework; sourceTree = SDKROOT; };
		9BC7169C19833B0C002EA01F /* CoreGraphics.framework */ = {isa = PBXFileReference; lastKnownFileType = wrapper.framework; name = CoreGraphics.framework; path = System/Library/Frameworks/CoreGraphics.framework; sourceTree = SDKROOT; };
		9BC7169E19833B0C002EA01F /* UIKit.framework */ = {isa = PBXFileReference; lastKnownFileType = wrapper.framework; name = UIKit.framework; path = System/Library/Frameworks/UIKit.framework; sourceTree = SDKROOT; };
		9BC716A219833B0C002EA01F /* Pointr-Info.plist */ = {isa = PBXFileReference; lastKnownFileType = text.plist.xml; path = "Pointr-Info.plist"; sourceTree = "<group>"; };
		9BC716A419833B0C002EA01F /* en */ = {isa = PBXFileReference; lastKnownFileType = text.plist.strings; name = en; path = en.lproj/InfoPlist.strings; sourceTree = "<group>"; };
		9BC716A619833B0C002EA01F /* main.m */ = {isa = PBXFileReference; lastKnownFileType = sourcecode.c.objc; path = main.m; sourceTree = "<group>"; };
		9BC716A819833B0C002EA01F /* Pointr-Prefix.pch */ = {isa = PBXFileReference; lastKnownFileType = sourcecode.c.h; path = "Pointr-Prefix.pch"; sourceTree = "<group>"; };
		9BC716A919833B0C002EA01F /* BSHAppDelegate.h */ = {isa = PBXFileReference; lastKnownFileType = sourcecode.c.h; path = BSHAppDelegate.h; sourceTree = "<group>"; };
		9BC716AA19833B0C002EA01F /* BSHAppDelegate.m */ = {isa = PBXFileReference; lastKnownFileType = sourcecode.c.objc; path = BSHAppDelegate.m; sourceTree = "<group>"; };
		9BC716AD19833B0C002EA01F /* Base */ = {isa = PBXFileReference; lastKnownFileType = file.storyboard; name = Base; path = Base.lproj/Main.storyboard; sourceTree = "<group>"; };
		9BC716AF19833B0C002EA01F /* BSHViewController.h */ = {isa = PBXFileReference; lastKnownFileType = sourcecode.c.h; path = BSHViewController.h; sourceTree = "<group>"; };
		9BC716B019833B0C002EA01F /* BSHViewController.m */ = {isa = PBXFileReference; lastKnownFileType = sourcecode.c.objc; path = BSHViewController.m; sourceTree = "<group>"; };
		9BC716B219833B0C002EA01F /* Images.xcassets */ = {isa = PBXFileReference; lastKnownFileType = folder.assetcatalog; path = Images.xcassets; sourceTree = "<group>"; };
		9BC716B819833B0C002EA01F /* PointrTests.xctest */ = {isa = PBXFileReference; explicitFileType = wrapper.cfbundle; includeInIndex = 0; path = PointrTests.xctest; sourceTree = BUILT_PRODUCTS_DIR; };
		9BC716B919833B0C002EA01F /* XCTest.framework */ = {isa = PBXFileReference; lastKnownFileType = wrapper.framework; name = XCTest.framework; path = Library/Frameworks/XCTest.framework; sourceTree = DEVELOPER_DIR; };
		9BC716C119833B0C002EA01F /* PointrTests-Info.plist */ = {isa = PBXFileReference; lastKnownFileType = text.plist.xml; path = "PointrTests-Info.plist"; sourceTree = "<group>"; };
		9BC716C319833B0C002EA01F /* en */ = {isa = PBXFileReference; lastKnownFileType = text.plist.strings; name = en; path = en.lproj/InfoPlist.strings; sourceTree = "<group>"; };
		9BC716C519833B0C002EA01F /* PointrTests.m */ = {isa = PBXFileReference; lastKnownFileType = sourcecode.c.objc; path = PointrTests.m; sourceTree = "<group>"; };
/* End PBXFileReference section */

/* Begin PBXFrameworksBuildPhase section */
		9BC7169419833B0C002EA01F /* Frameworks */ = {
			isa = PBXFrameworksBuildPhase;
			buildActionMask = 2147483647;
			files = (
				9BC7169D19833B0C002EA01F /* CoreGraphics.framework in Frameworks */,
				9BC7169F19833B0C002EA01F /* UIKit.framework in Frameworks */,
				9BC7169B19833B0C002EA01F /* Foundation.framework in Frameworks */,
			);
			runOnlyForDeploymentPostprocessing = 0;
		};
		9BC716B519833B0C002EA01F /* Frameworks */ = {
			isa = PBXFrameworksBuildPhase;
			buildActionMask = 2147483647;
			files = (
				9BC716BA19833B0C002EA01F /* XCTest.framework in Frameworks */,
				9BC716BC19833B0C002EA01F /* UIKit.framework in Frameworks */,
				9BC716BB19833B0C002EA01F /* Foundation.framework in Frameworks */,
			);
			runOnlyForDeploymentPostprocessing = 0;
		};
/* End PBXFrameworksBuildPhase section */

/* Begin PBXGroup section */
		9BC7168E19833B0C002EA01F = {
			isa = PBXGroup;
			children = (
				9BC716A019833B0C002EA01F /* Pointr */,
				9BC716BF19833B0C002EA01F /* PointrTests */,
				9BC7169919833B0C002EA01F /* Frameworks */,
				9BC7169819833B0C002EA01F /* Products */,
			);
			sourceTree = "<group>";
		};
		9BC7169819833B0C002EA01F /* Products */ = {
			isa = PBXGroup;
			children = (
				9BC7169719833B0C002EA01F /* Pointr.app */,
				9BC716B819833B0C002EA01F /* PointrTests.xctest */,
			);
			name = Products;
			sourceTree = "<group>";
		};
		9BC7169919833B0C002EA01F /* Frameworks */ = {
			isa = PBXGroup;
			children = (
				9BC7169A19833B0C002EA01F /* Foundation.framework */,
				9BC7169C19833B0C002EA01F /* CoreGraphics.framework */,
				9BC7169E19833B0C002EA01F /* UIKit.framework */,
				9BC716B919833B0C002EA01F /* XCTest.framework */,
			);
			name = Frameworks;
			sourceTree = "<group>";
		};
		9BC716A019833B0C002EA01F /* Pointr */ = {
			isa = PBXGroup;
			children = (
				9BC716A919833B0C002EA01F /* BSHAppDelegate.h */,
				9BC716AA19833B0C002EA01F /* BSHAppDelegate.m */,
				9BC716AC19833B0C002EA01F /* Main.storyboard */,
				9BC716AF19833B0C002EA01F /* BSHViewController.h */,
				9BC716B019833B0C002EA01F /* BSHViewController.m */,
				9BC716B219833B0C002EA01F /* Images.xcassets */,
				9BC716A119833B0C002EA01F /* Supporting Files */,
			);
			path = Pointr;
			sourceTree = "<group>";
		};
		9BC716A119833B0C002EA01F /* Supporting Files */ = {
			isa = PBXGroup;
			children = (
				9BC716A219833B0C002EA01F /* Pointr-Info.plist */,
				9BC716A319833B0C002EA01F /* InfoPlist.strings */,
				9BC716A619833B0C002EA01F /* main.m */,
				9BC716A819833B0C002EA01F /* Pointr-Prefix.pch */,
			);
			name = "Supporting Files";
			sourceTree = "<group>";
		};
		9BC716BF19833B0C002EA01F /* PointrTests */ = {
			isa = PBXGroup;
			children = (
				9BC716C519833B0C002EA01F /* PointrTests.m */,
				9BC716C019833B0C002EA01F /* Supporting Files */,
			);
			path = PointrTests;
			sourceTree = "<group>";
		};
		9BC716C019833B0C002EA01F /* Supporting Files */ = {
			isa = PBXGroup;
			children = (
				9BC716C119833B0C002EA01F /* PointrTests-Info.plist */,
				9BC716C219833B0C002EA01F /* InfoPlist.strings */,
			);
			name = "Supporting Files";
			sourceTree = "<group>";
		};
/* End PBXGroup section */

/* Begin PBXNativeTarget section */
		9BC7169619833B0C002EA01F /* Pointr */ = {
			isa = PBXNativeTarget;
			buildConfigurationList = 9BC716C919833B0C002EA01F /* Build configuration list for PBXNativeTarget "Pointr" */;
			buildPhases = (
				9BC7169319833B0C002EA01F /* Sources */,
				9BC7169419833B0C002EA01F /* Frameworks */,
				9BC7169519833B0C002EA01F /* Resources */,
			);
			buildRules = (
			);
			dependencies = (
			);
			name = Pointr;
			productName = Pointr;
			productReference = 9BC7169719833B0C002EA01F /* Pointr.app */;
			productType = "com.apple.product-type.application";
		};
		9BC716B719833B0C002EA01F /* PointrTests */ = {
			isa = PBXNativeTarget;
			buildConfigurationList = 9BC716CC19833B0C002EA01F /* Build configuration list for PBXNativeTarget "PointrTests" */;
			buildPhases = (
				9BC716B419833B0C002EA01F /* Sources */,
				9BC716B519833B0C002EA01F /* Frameworks */,
				9BC716B619833B0C002EA01F /* Resources */,
			);
			buildRules = (
			);
			dependencies = (
				9BC716BE19833B0C002EA01F /* PBXTargetDependency */,
			);
			name = PointrTests;
			productName = PointrTests;
			productReference = 9BC716B819833B0C002EA01F /* PointrTests.xctest */;
			productType = "com.apple.product-type.bundle.unit-test";
		};
/* End PBXNativeTarget section */

/* Begin PBXProject section */
		9BC7168F19833B0C002EA01F /* Project object */ = {
			isa = PBXProject;
			attributes = {
				CLASSPREFIX = BSH;
				LastUpgradeCheck = 0510;
				ORGANIZATIONNAME = "Brushfire Inc.";
				TargetAttributes = {
					9BC716B719833B0C002EA01F = {
						TestTargetID = 9BC7169619833B0C002EA01F;
					};
				};
			};
			buildConfigurationList = 9BC7169219833B0C002EA01F /* Build configuration list for PBXProject "Pointr" */;
			compatibilityVersion = "Xcode 3.2";
			developmentRegion = English;
			hasScannedForEncodings = 0;
			knownRegions = (
				en,
				Base,
			);
			mainGroup = 9BC7168E19833B0C002EA01F;
			productRefGroup = 9BC7169819833B0C002EA01F /* Products */;
			projectDirPath = "";
			projectRoot = "";
			targets = (
				9BC7169619833B0C002EA01F /* Pointr */,
				9BC716B719833B0C002EA01F /* PointrTests */,
			);
		};
/* End PBXProject section */

/* Begin PBXResourcesBuildPhase section */
		9BC7169519833B0C002EA01F /* Resources */ = {
			isa = PBXResourcesBuildPhase;
			buildActionMask = 2147483647;
			files = (
				9BC716B319833B0C002EA01F /* Images.xcassets in Resources */,
				9BC716A519833B0C002EA01F /* InfoPlist.strings in Resources */,
				9BC716AE19833B0C002EA01F /* Main.storyboard in Resources */,
			);
			runOnlyForDeploymentPostprocessing = 0;
		};
		9BC716B619833B0C002EA01F /* Resources */ = {
			isa = PBXResourcesBuildPhase;
			buildActionMask = 2147483647;
			files = (
				9BC716C419833B0C002EA01F /* InfoPlist.strings in Resources */,
			);
			runOnlyForDeploymentPostprocessing = 0;
		};
/* End PBXResourcesBuildPhase section */

/* Begin PBXSourcesBuildPhase section */
		9BC7169319833B0C002EA01F /* Sources */ = {
			isa = PBXSourcesBuildPhase;
			buildActionMask = 2147483647;
			files = (
				9BC716AB19833B0C002EA01F /* BSHAppDelegate.m in Sources */,
				9BC716A719833B0C002EA01F /* main.m in Sources */,
				9BC716B119833B0C002EA01F /* BSHViewController.m in Sources */,
			);
			runOnlyForDeploymentPostprocessing = 0;
		};
		9BC716B419833B0C002EA01F /* Sources */ = {
			isa = PBXSourcesBuildPhase;
			buildActionMask = 2147483647;
			files = (
				9BC716C619833B0C002EA01F /* PointrTests.m in Sources */,
			);
			runOnlyForDeploymentPostprocessing = 0;
		};
/* End PBXSourcesBuildPhase section */

/* Begin PBXTargetDependency section */
		9BC716BE19833B0C002EA01F /* PBXTargetDependency */ = {
			isa = PBXTargetDependency;
			target = 9BC7169619833B0C002EA01F /* Pointr */;
			targetProxy = 9BC716BD19833B0C002EA01F /* PBXContainerItemProxy */;
		};
/* End PBXTargetDependency section */

/* Begin PBXVariantGroup section */
		9BC716A319833B0C002EA01F /* InfoPlist.strings */ = {
			isa = PBXVariantGroup;
			children = (
				9BC716A419833B0C002EA01F /* en */,
			);
			name = InfoPlist.strings;
			sourceTree = "<group>";
		};
		9BC716AC19833B0C002EA01F /* Main.storyboard */ = {
			isa = PBXVariantGroup;
			children = (
				9BC716AD19833B0C002EA01F /* Base */,
			);
			name = Main.storyboard;
			sourceTree = "<group>";
		};
		9BC716C219833B0C002EA01F /* InfoPlist.strings */ = {
			isa = PBXVariantGroup;
			children = (
				9BC716C319833B0C002EA01F /* en */,
			);
			name = InfoPlist.strings;
			sourceTree = "<group>";
		};
/* End PBXVariantGroup section */

/* Begin XCBuildConfiguration section */
		9BC716C719833B0C002EA01F /* Debug */ = {
			isa = XCBuildConfiguration;
			buildSettings = {
				ALWAYS_SEARCH_USER_PATHS = NO;
				CLANG_CXX_LANGUAGE_STANDARD = "gnu++0x";
				CLANG_CXX_LIBRARY = "libc++";
				CLANG_ENABLE_MODULES = YES;
				CLANG_ENABLE_OBJC_ARC = YES;
				CLANG_WARN_BOOL_CONVERSION = YES;
				CLANG_WARN_CONSTANT_CONVERSION = YES;
				CLANG_WARN_DIRECT_OBJC_ISA_USAGE = YES_ERROR;
				CLANG_WARN_EMPTY_BODY = YES;
				CLANG_WARN_ENUM_CONVERSION = YES;
				CLANG_WARN_INT_CONVERSION = YES;
				CLANG_WARN_OBJC_ROOT_CLASS = YES_ERROR;
				CLANG_WARN__DUPLICATE_METHOD_MATCH = YES;
				"CODE_SIGN_IDENTITY[sdk=iphoneos*]" = "iPhone Developer";
				COPY_PHASE_STRIP = NO;
				GCC_C_LANGUAGE_STANDARD = gnu99;
				GCC_DYNAMIC_NO_PIC = NO;
				GCC_OPTIMIZATION_LEVEL = 0;
				GCC_PREPROCESSOR_DEFINITIONS = (
					"DEBUG=1",
					"$(inherited)",
				);
				GCC_SYMBOLS_PRIVATE_EXTERN = NO;
				GCC_WARN_64_TO_32_BIT_CONVERSION = YES;
				GCC_WARN_ABOUT_RETURN_TYPE = YES_ERROR;
				GCC_WARN_UNDECLARED_SELECTOR = YES;
				GCC_WARN_UNINITIALIZED_AUTOS = YES_AGGRESSIVE;
				GCC_WARN_UNUSED_FUNCTION = YES;
				GCC_WARN_UNUSED_VARIABLE = YES;
				IPHONEOS_DEPLOYMENT_TARGET = 7.1;
				ONLY_ACTIVE_ARCH = YES;
				SDKROOT = iphoneos;
			};
			name = Debug;
		};
		9BC716C819833B0C002EA01F /* Release */ = {
			isa = XCBuildConfiguration;
			buildSettings = {
				ALWAYS_SEARCH_USER_PATHS = NO;
				CLANG_CXX_LANGUAGE_STANDARD = "gnu++0x";
				CLANG_CXX_LIBRARY = "libc++";
				CLANG_ENABLE_MODULES = YES;
				CLANG_ENABLE_OBJC_ARC = YES;
				CLANG_WARN_BOOL_CONVERSION = YES;
				CLANG_WARN_CONSTANT_CONVERSION = YES;
				CLANG_WARN_DIRECT_OBJC_ISA_USAGE = YES_ERROR;
				CLANG_WARN_EMPTY_BODY = YES;
				CLANG_WARN_ENUM_CONVERSION = YES;
				CLANG_WARN_INT_CONVERSION = YES;
				CLANG_WARN_OBJC_ROOT_CLASS = YES_ERROR;
				CLANG_WARN__DUPLICATE_METHOD_MATCH = YES;
				"CODE_SIGN_IDENTITY[sdk=iphoneos*]" = "iPhone Developer";
				COPY_PHASE_STRIP = YES;
				ENABLE_NS_ASSERTIONS = NO;
				GCC_C_LANGUAGE_STANDARD = gnu99;
				GCC_WARN_64_TO_32_BIT_CONVERSION = YES;
				GCC_WARN_ABOUT_RETURN_TYPE = YES_ERROR;
				GCC_WARN_UNDECLARED_SELECTOR = YES;
				GCC_WARN_UNINITIALIZED_AUTOS = YES_AGGRESSIVE;
				GCC_WARN_UNUSED_FUNCTION = YES;
				GCC_WARN_UNUSED_VARIABLE = YES;
				IPHONEOS_DEPLOYMENT_TARGET = 7.1;
				SDKROOT = iphoneos;
				VALIDATE_PRODUCT = YES;
			};
			name = Release;
		};
		9BC716CA19833B0C002EA01F /* Debug */ = {
			isa = XCBuildConfiguration;
			buildSettings = {
				ASSETCATALOG_COMPILER_APPICON_NAME = AppIcon;
				ASSETCATALOG_COMPILER_LAUNCHIMAGE_NAME = LaunchImage;
				GCC_PRECOMPILE_PREFIX_HEADER = YES;
				GCC_PREFIX_HEADER = "Pointr/Pointr-Prefix.pch";
				INFOPLIST_FILE = "Pointr/Pointr-Info.plist";
				PRODUCT_NAME = "$(TARGET_NAME)";
				WRAPPER_EXTENSION = app;
			};
			name = Debug;
		};
		9BC716CB19833B0C002EA01F /* Release */ = {
			isa = XCBuildConfiguration;
			buildSettings = {
				ASSETCATALOG_COMPILER_APPICON_NAME = AppIcon;
				ASSETCATALOG_COMPILER_LAUNCHIMAGE_NAME = LaunchImage;
				GCC_PRECOMPILE_PREFIX_HEADER = YES;
				GCC_PREFIX_HEADER = "Pointr/Pointr-Prefix.pch";
				INFOPLIST_FILE = "Pointr/Pointr-Info.plist";
				PRODUCT_NAME = "$(TARGET_NAME)";
				WRAPPER_EXTENSION = app;
			};
			name = Release;
		};
		9BC716CD19833B0C002EA01F /* Debug */ = {
			isa = XCBuildConfiguration;
			buildSettings = {
				BUNDLE_LOADER = "$(BUILT_PRODUCTS_DIR)/Pointr.app/Pointr";
				FRAMEWORK_SEARCH_PATHS = (
					"$(SDKROOT)/Developer/Library/Frameworks",
					"$(inherited)",
					"$(DEVELOPER_FRAMEWORKS_DIR)",
				);
				GCC_PRECOMPILE_PREFIX_HEADER = YES;
				GCC_PREFIX_HEADER = "Pointr/Pointr-Prefix.pch";
				GCC_PREPROCESSOR_DEFINITIONS = (
					"DEBUG=1",
					"$(inherited)",
				);
				INFOPLIST_FILE = "PointrTests/PointrTests-Info.plist";
				PRODUCT_NAME = "$(TARGET_NAME)";
				TEST_HOST = "$(BUNDLE_LOADER)";
				WRAPPER_EXTENSION = xctest;
			};
			name = Debug;
		};
		9BC716CE19833B0C002EA01F /* Release */ = {
			isa = XCBuildConfiguration;
			buildSettings = {
				BUNDLE_LOADER = "$(BUILT_PRODUCTS_DIR)/Pointr.app/Pointr";
				FRAMEWORK_SEARCH_PATHS = (
					"$(SDKROOT)/Developer/Library/Frameworks",
					"$(inherited)",
					"$(DEVELOPER_FRAMEWORKS_DIR)",
				);
				GCC_PRECOMPILE_PREFIX_HEADER = YES;
				GCC_PREFIX_HEADER = "Pointr/Pointr-Prefix.pch";
				INFOPLIST_FILE = "PointrTests/PointrTests-Info.plist";
				PRODUCT_NAME = "$(TARGET_NAME)";
				TEST_HOST = "$(BUNDLE_LOADER)";
				WRAPPER_EXTENSION = xctest;
			};
			name = Release;
		};
/* End XCBuildConfiguration section */

/* Begin XCConfigurationList section */
		9BC7169219833B0C002EA01F /* Build configuration list for PBXProject "Pointr" */ = {
			isa = XCConfigurationList;
			buildConfigurations = (
				9BC716C719833B0C002EA01F /* Debug */,
				9BC716C819833B0C002EA01F /* Release */,
			);
			defaultConfigurationIsVisible = 0;
			defaultConfigurationName = Release;
		};
		9BC716C919833B0C002EA01F /* Build configuration list for PBXNativeTarget "Pointr" */ = {
			isa = XCConfigurationList;
			buildConfigurations = (
				9BC716CA19833B0C002EA01F /* Debug */,
				9BC716CB19833B0C002EA01F /* Release */,
			);
			defaultConfigurationIsVisible = 0;
		};
		9BC716CC19833B0C002EA01F /* Build configuration list for PBXNativeTarget "PointrTests" */ = {
			isa = XCConfigurationList;
			buildConfigurations = (
				9BC716CD19833B0C002EA01F /* Debug */,
				9BC716CE19833B0C002EA01F /* Release */,
			);
			defaultConfigurationIsVisible = 0;
		};
/* End XCConfigurationList section */
	};
	rootObject = 9BC7168F19833B0C002EA01F /* Project object */;
}
