// !$*UTF8*$!
{
	archiveVersion = 1;
	classes = {
	};
	objectVersion = 46;
	objects = {

/* Begin PBXBuildFile section */
		6F4428404E760A87C423985A /* libPods-Pointr.a in Frameworks */ = {isa = PBXBuildFile; fileRef = 0A3F689E668478AEDE1CF53E /* libPods-Pointr.a */; };
		9B3B874619FBA2A10009CBB3 /* settings.png in Resources */ = {isa = PBXBuildFile; fileRef = 9B3B874519FBA2A10009CBB3 /* settings.png */; };
		9B3B874919FBA7640009CBB3 /* SuitorTableViewCell.m in Sources */ = {isa = PBXBuildFile; fileRef = 9B3B874719FBA7640009CBB3 /* SuitorTableViewCell.m */; };
		9B4B29931B001D7500B8EFB9 /* SettingsViewController.h in Sources */ = {isa = PBXBuildFile; fileRef = 9B4B29921B001D7500B8EFB9 /* SettingsViewController.h */; };
		9B4B29951B001E9700B8EFB9 /* SettingsViewController.m in Sources */ = {isa = PBXBuildFile; fileRef = 9B4B29941B001E9700B8EFB9 /* SettingsViewController.m */; };
		9BC7169B19833B0C002EA01F /* Foundation.framework in Frameworks */ = {isa = PBXBuildFile; fileRef = 9BC7169A19833B0C002EA01F /* Foundation.framework */; };
		9BC7169D19833B0C002EA01F /* CoreGraphics.framework in Frameworks */ = {isa = PBXBuildFile; fileRef = 9BC7169C19833B0C002EA01F /* CoreGraphics.framework */; };
		9BC7169F19833B0C002EA01F /* UIKit.framework in Frameworks */ = {isa = PBXBuildFile; fileRef = 9BC7169E19833B0C002EA01F /* UIKit.framework */; };
		9BC716A519833B0C002EA01F /* InfoPlist.strings in Resources */ = {isa = PBXBuildFile; fileRef = 9BC716A319833B0C002EA01F /* InfoPlist.strings */; };
		9BC716A719833B0C002EA01F /* main.m in Sources */ = {isa = PBXBuildFile; fileRef = 9BC716A619833B0C002EA01F /* main.m */; };
		9BC716AB19833B0C002EA01F /* BSHAppDelegate.m in Sources */ = {isa = PBXBuildFile; fileRef = 9BC716AA19833B0C002EA01F /* BSHAppDelegate.m */; };
		9BC716AE19833B0C002EA01F /* Main.storyboard in Resources */ = {isa = PBXBuildFile; fileRef = 9BC716AC19833B0C002EA01F /* Main.storyboard */; };
		9BC716B119833B0C002EA01F /* PointrNavigationController.m in Sources */ = {isa = PBXBuildFile; fileRef = 9BC716B019833B0C002EA01F /* PointrNavigationController.m */; };
		9BC716B319833B0C002EA01F /* Images.xcassets in Resources */ = {isa = PBXBuildFile; fileRef = 9BC716B219833B0C002EA01F /* Images.xcassets */; };
		9BC716BA19833B0C002EA01F /* XCTest.framework in Frameworks */ = {isa = PBXBuildFile; fileRef = 9BC716B919833B0C002EA01F /* XCTest.framework */; };
		9BC716BB19833B0C002EA01F /* Foundation.framework in Frameworks */ = {isa = PBXBuildFile; fileRef = 9BC7169A19833B0C002EA01F /* Foundation.framework */; };
		9BC716BC19833B0C002EA01F /* UIKit.framework in Frameworks */ = {isa = PBXBuildFile; fileRef = 9BC7169E19833B0C002EA01F /* UIKit.framework */; };
		9BC716C419833B0C002EA01F /* InfoPlist.strings in Resources */ = {isa = PBXBuildFile; fileRef = 9BC716C219833B0C002EA01F /* InfoPlist.strings */; };
		9BC716C619833B0C002EA01F /* PointrTests.m in Sources */ = {isa = PBXBuildFile; fileRef = 9BC716C519833B0C002EA01F /* PointrTests.m */; };
		9BC716D0198359D2002EA01F /* Pointr.mobileprovision in Resources */ = {isa = PBXBuildFile; fileRef = 9BC716CF198359D2002EA01F /* Pointr.mobileprovision */; };
		9BC716D719837E3A002EA01F /* loginButton.png in Resources */ = {isa = PBXBuildFile; fileRef = 9BC716D519837E3A002EA01F /* loginButton.png */; };
		9BC716D819837E3A002EA01F /* registerButton.png in Resources */ = {isa = PBXBuildFile; fileRef = 9BC716D619837E3A002EA01F /* registerButton.png */; };
		9BC716DE198387B6002EA01F /* LoginRegisterViewController.m in Sources */ = {isa = PBXBuildFile; fileRef = 9BC716DD198387B6002EA01F /* LoginRegisterViewController.m */; };
		9BC716E11983A69F002EA01F /* verticalArrowDown.png in Resources */ = {isa = PBXBuildFile; fileRef = 9BC716DF1983A69F002EA01F /* verticalArrowDown.png */; };
		9BC716E21983A69F002EA01F /* verticalArrowUp.png in Resources */ = {isa = PBXBuildFile; fileRef = 9BC716E01983A69F002EA01F /* verticalArrowUp.png */; };
		9BC716E51983B3BF002EA01F /* FriendsViewController.m in Sources */ = {isa = PBXBuildFile; fileRef = 9BC716E41983B3BF002EA01F /* FriendsViewController.m */; };
		9BC716E71983BD1F002EA01F /* horizontalArrowRight.png in Resources */ = {isa = PBXBuildFile; fileRef = 9BC716E61983BD1F002EA01F /* horizontalArrowRight.png */; };
		9BC716E91983BFCB002EA01F /* CoreLocation.framework in Frameworks */ = {isa = PBXBuildFile; fileRef = 9BC716E81983BFCB002EA01F /* CoreLocation.framework */; };
		9BE40476199D2939003DC7E3 /* CompassViewController.m in Sources */ = {isa = PBXBuildFile; fileRef = 9BE40475199D2939003DC7E3 /* CompassViewController.m */; };
		9BE40478199D4312003DC7E3 /* Compass-Overlay.png in Resources */ = {isa = PBXBuildFile; fileRef = 9BE40477199D4312003DC7E3 /* Compass-Overlay.png */; };
		9BFDCF681995E9C900C83096 /* SuitorsViewController.m in Sources */ = {isa = PBXBuildFile; fileRef = 9BFDCF671995E9C900C83096 /* SuitorsViewController.m */; };
		B86EA21AC04AB46CF2E40570 /* libPods-PointrTests.a in Frameworks */ = {isa = PBXBuildFile; fileRef = 70F41E7662392D4760EA54CD /* libPods-PointrTests.a */; };
/* End PBXBuildFile section */

/* Begin PBXContainerItemProxy section */
		9BC716BD19833B0C002EA01F /* PBXContainerItemProxy */ = {
			isa = PBXContainerItemProxy;
			containerPortal = 9BC7168F19833B0C002EA01F /* Project object */;
			proxyType = 1;
			remoteGlobalIDString = 9BC7169619833B0C002EA01F;
			remoteInfo = Pointr;
		};
/* End PBXContainerItemProxy section */

/* Begin PBXFileReference section */
		0A3F689E668478AEDE1CF53E /* libPods-Pointr.a */ = {isa = PBXFileReference; explicitFileType = archive.ar; includeInIndex = 0; path = "libPods-Pointr.a"; sourceTree = BUILT_PRODUCTS_DIR; };
		17A02F927E8277E7D321261A /* Pods-PointrTests.debug.xcconfig */ = {isa = PBXFileReference; includeInIndex = 1; lastKnownFileType = text.xcconfig; name = "Pods-PointrTests.debug.xcconfig"; path = "Pods/Target Support Files/Pods-PointrTests/Pods-PointrTests.debug.xcconfig"; sourceTree = "<group>"; };
		438AE31101D496036F2E7463 /* Pods-PointrTests.release.xcconfig */ = {isa = PBXFileReference; includeInIndex = 1; lastKnownFileType = text.xcconfig; name = "Pods-PointrTests.release.xcconfig"; path = "Pods/Target Support Files/Pods-PointrTests/Pods-PointrTests.release.xcconfig"; sourceTree = "<group>"; };
		70F41E7662392D4760EA54CD /* libPods-PointrTests.a */ = {isa = PBXFileReference; explicitFileType = archive.ar; includeInIndex = 0; path = "libPods-PointrTests.a"; sourceTree = BUILT_PRODUCTS_DIR; };
		7EEA34D08A6092ED692B53A7 /* Pods-Pointr.debug.xcconfig */ = {isa = PBXFileReference; includeInIndex = 1; lastKnownFileType = text.xcconfig; name = "Pods-Pointr.debug.xcconfig"; path = "Pods/Target Support Files/Pods-Pointr/Pods-Pointr.debug.xcconfig"; sourceTree = "<group>"; };
		9B3B874519FBA2A10009CBB3 /* settings.png */ = {isa = PBXFileReference; lastKnownFileType = image.png; path = settings.png; sourceTree = "<group>"; };
		9B3B874719FBA7640009CBB3 /* SuitorTableViewCell.m */ = {isa = PBXFileReference; fileEncoding = 4; lastKnownFileType = sourcecode.c.objc; path = SuitorTableViewCell.m; sourceTree = "<group>"; };
		9B3B874819FBA7640009CBB3 /* SuitorTableViewCell.h */ = {isa = PBXFileReference; fileEncoding = 4; lastKnownFileType = sourcecode.c.h; path = SuitorTableViewCell.h; sourceTree = "<group>"; };
		9B4B29921B001D7500B8EFB9 /* SettingsViewController.h */ = {isa = PBXFileReference; fileEncoding = 4; lastKnownFileType = sourcecode.c.h; path = SettingsViewController.h; sourceTree = "<group>"; };
		9B4B29941B001E9700B8EFB9 /* SettingsViewController.m */ = {isa = PBXFileReference; fileEncoding = 4; lastKnownFileType = sourcecode.c.objc; path = SettingsViewController.m; sourceTree = "<group>"; };
		9BC7169719833B0C002EA01F /* Pointr.app */ = {isa = PBXFileReference; explicitFileType = wrapper.application; includeInIndex = 0; path = Pointr.app; sourceTree = BUILT_PRODUCTS_DIR; };
		9BC7169A19833B0C002EA01F /* Foundation.framework */ = {isa = PBXFileReference; lastKnownFileType = wrapper.framework; name = Foundation.framework; path = System/Library/Frameworks/Foundation.framework; sourceTree = SDKROOT; };
		9BC7169C19833B0C002EA01F /* CoreGraphics.framework */ = {isa = PBXFileReference; lastKnownFileType = wrapper.framework; name = CoreGraphics.framework; path = System/Library/Frameworks/CoreGraphics.framework; sourceTree = SDKROOT; };
		9BC7169E19833B0C002EA01F /* UIKit.framework */ = {isa = PBXFileReference; lastKnownFileType = wrapper.framework; name = UIKit.framework; path = System/Library/Frameworks/UIKit.framework; sourceTree = SDKROOT; };
		9BC716A219833B0C002EA01F /* Pointr-Info.plist */ = {isa = PBXFileReference; lastKnownFileType = text.plist.xml; path = "Pointr-Info.plist"; sourceTree = "<group>"; };
		9BC716A419833B0C002EA01F /* en */ = {isa = PBXFileReference; lastKnownFileType = text.plist.strings; name = en; path = en.lproj/InfoPlist.strings; sourceTree = "<group>"; };
		9BC716A619833B0C002EA01F /* main.m */ = {isa = PBXFileReference; lastKnownFileType = sourcecode.c.objc; path = main.m; sourceTree = "<group>"; };
		9BC716A819833B0C002EA01F /* Pointr-Prefix.pch */ = {isa = PBXFileReference; lastKnownFileType = sourcecode.c.h; path = "Pointr-Prefix.pch"; sourceTree = "<group>"; };
		9BC716A919833B0C002EA01F /* BSHAppDelegate.h */ = {isa = PBXFileReference; lastKnownFileType = sourcecode.c.h; path = BSHAppDelegate.h; sourceTree = "<group>"; };
		9BC716AA19833B0C002EA01F /* BSHAppDelegate.m */ = {isa = PBXFileReference; lastKnownFileType = sourcecode.c.objc; path = BSHAppDelegate.m; sourceTree = "<group>"; };
		9BC716AD19833B0C002EA01F /* Base */ = {isa = PBXFileReference; lastKnownFileType = file.storyboard; name = Base; path = Base.lproj/Main.storyboard; sourceTree = "<group>"; };
		9BC716AF19833B0C002EA01F /* PointrNavigationController.h */ = {isa = PBXFileReference; lastKnownFileType = sourcecode.c.h; path = PointrNavigationController.h; sourceTree = "<group>"; };
		9BC716B019833B0C002EA01F /* PointrNavigationController.m */ = {isa = PBXFileReference; lastKnownFileType = sourcecode.c.objc; path = PointrNavigationController.m; sourceTree = "<group>"; };
		9BC716B219833B0C002EA01F /* Images.xcassets */ = {isa = PBXFileReference; lastKnownFileType = folder.assetcatalog; path = Images.xcassets; sourceTree = "<group>"; };
		9BC716B819833B0C002EA01F /* PointrTests.xctest */ = {isa = PBXFileReference; explicitFileType = wrapper.cfbundle; includeInIndex = 0; path = PointrTests.xctest; sourceTree = BUILT_PRODUCTS_DIR; };
		9BC716B919833B0C002EA01F /* XCTest.framework */ = {isa = PBXFileReference; lastKnownFileType = wrapper.framework; name = XCTest.framework; path = Library/Frameworks/XCTest.framework; sourceTree = DEVELOPER_DIR; };
		9BC716C119833B0C002EA01F /* PointrTests-Info.plist */ = {isa = PBXFileReference; lastKnownFileType = text.plist.xml; path = "PointrTests-Info.plist"; sourceTree = "<group>"; };
		9BC716C319833B0C002EA01F /* en */ = {isa = PBXFileReference; lastKnownFileType = text.plist.strings; name = en; path = en.lproj/InfoPlist.strings; sourceTree = "<group>"; };
		9BC716C519833B0C002EA01F /* PointrTests.m */ = {isa = PBXFileReference; lastKnownFileType = sourcecode.c.objc; path = PointrTests.m; sourceTree = "<group>"; };
		9BC716CF198359D2002EA01F /* Pointr.mobileprovision */ = {isa = PBXFileReference; lastKnownFileType = file; path = Pointr.mobileprovision; sourceTree = "<group>"; };
		9BC716D519837E3A002EA01F /* loginButton.png */ = {isa = PBXFileReference; lastKnownFileType = image.png; path = loginButton.png; sourceTree = "<group>"; };
		9BC716D619837E3A002EA01F /* registerButton.png */ = {isa = PBXFileReference; lastKnownFileType = image.png; path = registerButton.png; sourceTree = "<group>"; };
		9BC716DC198387B6002EA01F /* LoginRegisterViewController.h */ = {isa = PBXFileReference; fileEncoding = 4; lastKnownFileType = sourcecode.c.h; path = LoginRegisterViewController.h; sourceTree = "<group>"; };
		9BC716DD198387B6002EA01F /* LoginRegisterViewController.m */ = {isa = PBXFileReference; fileEncoding = 4; lastKnownFileType = sourcecode.c.objc; path = LoginRegisterViewController.m; sourceTree = "<group>"; };
		9BC716DF1983A69F002EA01F /* verticalArrowDown.png */ = {isa = PBXFileReference; lastKnownFileType = image.png; path = verticalArrowDown.png; sourceTree = "<group>"; };
		9BC716E01983A69F002EA01F /* verticalArrowUp.png */ = {isa = PBXFileReference; lastKnownFileType = image.png; path = verticalArrowUp.png; sourceTree = "<group>"; };
		9BC716E31983B3BF002EA01F /* FriendsViewController.h */ = {isa = PBXFileReference; fileEncoding = 4; lastKnownFileType = sourcecode.c.h; path = FriendsViewController.h; sourceTree = "<group>"; };
		9BC716E41983B3BF002EA01F /* FriendsViewController.m */ = {isa = PBXFileReference; fileEncoding = 4; lastKnownFileType = sourcecode.c.objc; path = FriendsViewController.m; sourceTree = "<group>"; };
		9BC716E61983BD1F002EA01F /* horizontalArrowRight.png */ = {isa = PBXFileReference; lastKnownFileType = image.png; path = horizontalArrowRight.png; sourceTree = "<group>"; };
		9BC716E81983BFCB002EA01F /* CoreLocation.framework */ = {isa = PBXFileReference; lastKnownFileType = wrapper.framework; name = CoreLocation.framework; path = System/Library/Frameworks/CoreLocation.framework; sourceTree = SDKROOT; };
		9BE40474199D2939003DC7E3 /* CompassViewController.h */ = {isa = PBXFileReference; fileEncoding = 4; lastKnownFileType = sourcecode.c.h; path = CompassViewController.h; sourceTree = "<group>"; };
		9BE40475199D2939003DC7E3 /* CompassViewController.m */ = {isa = PBXFileReference; fileEncoding = 4; lastKnownFileType = sourcecode.c.objc; lineEnding = 0; path = CompassViewController.m; sourceTree = "<group>"; xcLanguageSpecificationIdentifier = xcode.lang.objc; };
		9BE40477199D4312003DC7E3 /* Compass-Overlay.png */ = {isa = PBXFileReference; lastKnownFileType = image.png; path = "Compass-Overlay.png"; sourceTree = SOURCE_ROOT; };
		9BFDCF661995E9C900C83096 /* SuitorsViewController.h */ = {isa = PBXFileReference; fileEncoding = 4; lastKnownFileType = sourcecode.c.h; path = SuitorsViewController.h; sourceTree = "<group>"; };
		9BFDCF671995E9C900C83096 /* SuitorsViewController.m */ = {isa = PBXFileReference; fileEncoding = 4; lastKnownFileType = sourcecode.c.objc; path = SuitorsViewController.m; sourceTree = "<group>"; };
		9DABD2D5FD101666D3A99B03 /* Pods-Pointr.release.xcconfig */ = {isa = PBXFileReference; includeInIndex = 1; lastKnownFileType = text.xcconfig; name = "Pods-Pointr.release.xcconfig"; path = "Pods/Target Support Files/Pods-Pointr/Pods-Pointr.release.xcconfig"; sourceTree = "<group>"; };
/* End PBXFileReference section */

/* Begin PBXFrameworksBuildPhase section */
		9BC7169419833B0C002EA01F /* Frameworks */ = {
			isa = PBXFrameworksBuildPhase;
			buildActionMask = 2147483647;
			files = (
				9BC716E91983BFCB002EA01F /* CoreLocation.framework in Frameworks */,
				9BC7169D19833B0C002EA01F /* CoreGraphics.framework in Frameworks */,
				9BC7169F19833B0C002EA01F /* UIKit.framework in Frameworks */,
				9BC7169B19833B0C002EA01F /* Foundation.framework in Frameworks */,
				6F4428404E760A87C423985A /* libPods-Pointr.a in Frameworks */,
			);
			runOnlyForDeploymentPostprocessing = 0;
		};
		9BC716B519833B0C002EA01F /* Frameworks */ = {
			isa = PBXFrameworksBuildPhase;
			buildActionMask = 2147483647;
			files = (
				9BC716BA19833B0C002EA01F /* XCTest.framework in Frameworks */,
				9BC716BC19833B0C002EA01F /* UIKit.framework in Frameworks */,
				9BC716BB19833B0C002EA01F /* Foundation.framework in Frameworks */,
				B86EA21AC04AB46CF2E40570 /* libPods-PointrTests.a in Frameworks */,
			);
			runOnlyForDeploymentPostprocessing = 0;
		};
/* End PBXFrameworksBuildPhase section */

/* Begin PBXGroup section */
		9BC7168E19833B0C002EA01F = {
			isa = PBXGroup;
			children = (
				9BC716A019833B0C002EA01F /* Pointr */,
				9BC716BF19833B0C002EA01F /* PointrTests */,
				9BC7169919833B0C002EA01F /* Frameworks */,
				9BC7169819833B0C002EA01F /* Products */,
				9BC716CF198359D2002EA01F /* Pointr.mobileprovision */,
				D9B6991687425F8AD8155603 /* Pods */,
			);
			sourceTree = "<group>";
		};
		9BC7169819833B0C002EA01F /* Products */ = {
			isa = PBXGroup;
			children = (
				9BC7169719833B0C002EA01F /* Pointr.app */,
				9BC716B819833B0C002EA01F /* PointrTests.xctest */,
			);
			name = Products;
			sourceTree = "<group>";
		};
		9BC7169919833B0C002EA01F /* Frameworks */ = {
			isa = PBXGroup;
			children = (
				9BC716E81983BFCB002EA01F /* CoreLocation.framework */,
				9BC7169A19833B0C002EA01F /* Foundation.framework */,
				9BC7169C19833B0C002EA01F /* CoreGraphics.framework */,
				9BC7169E19833B0C002EA01F /* UIKit.framework */,
				9BC716B919833B0C002EA01F /* XCTest.framework */,
				0A3F689E668478AEDE1CF53E /* libPods-Pointr.a */,
				70F41E7662392D4760EA54CD /* libPods-PointrTests.a */,
			);
			name = Frameworks;
			sourceTree = "<group>";
		};
		9BC716A019833B0C002EA01F /* Pointr */ = {
			isa = PBXGroup;
			children = (
				9BC716A919833B0C002EA01F /* BSHAppDelegate.h */,
				9BC716AA19833B0C002EA01F /* BSHAppDelegate.m */,
				9BC716AC19833B0C002EA01F /* Main.storyboard */,
				9B3B874519FBA2A10009CBB3 /* settings.png */,
				9BE40477199D4312003DC7E3 /* Compass-Overlay.png */,
				9BC716E61983BD1F002EA01F /* horizontalArrowRight.png */,
				9BC716E31983B3BF002EA01F /* FriendsViewController.h */,
				9BC716E41983B3BF002EA01F /* FriendsViewController.m */,
				9BE40474199D2939003DC7E3 /* CompassViewController.h */,
				9BE40475199D2939003DC7E3 /* CompassViewController.m */,
				9BC716DF1983A69F002EA01F /* verticalArrowDown.png */,
				9BC716E01983A69F002EA01F /* verticalArrowUp.png */,
				9BC716D519837E3A002EA01F /* loginButton.png */,
				9BC716D619837E3A002EA01F /* registerButton.png */,
				9BC716DC198387B6002EA01F /* LoginRegisterViewController.h */,
				9BC716DD198387B6002EA01F /* LoginRegisterViewController.m */,
				9BFDCF661995E9C900C83096 /* SuitorsViewController.h */,
				9BFDCF671995E9C900C83096 /* SuitorsViewController.m */,
				9B3B874719FBA7640009CBB3 /* SuitorTableViewCell.m */,
				9B3B874819FBA7640009CBB3 /* SuitorTableViewCell.h */,
				9BC716AF19833B0C002EA01F /* PointrNavigationController.h */,
				9BC716B019833B0C002EA01F /* PointrNavigationController.m */,
				9B4B29921B001D7500B8EFB9 /* SettingsViewController.h */,
				9B4B29941B001E9700B8EFB9 /* SettingsViewController.m */,
				9BC716B219833B0C002EA01F /* Images.xcassets */,
				9BC716A119833B0C002EA01F /* Supporting Files */,
			);
			path = Pointr;
			sourceTree = "<group>";
		};
		9BC716A119833B0C002EA01F /* Supporting Files */ = {
			isa = PBXGroup;
			children = (
				9BC716A219833B0C002EA01F /* Pointr-Info.plist */,
				9BC716A319833B0C002EA01F /* InfoPlist.strings */,
				9BC716A619833B0C002EA01F /* main.m */,
				9BC716A819833B0C002EA01F /* Pointr-Prefix.pch */,
			);
			name = "Supporting Files";
			sourceTree = "<group>";
		};
		9BC716BF19833B0C002EA01F /* PointrTests */ = {
			isa = PBXGroup;
			children = (
				9BC716C519833B0C002EA01F /* PointrTests.m */,
				9BC716C019833B0C002EA01F /* Supporting Files */,
			);
			path = PointrTests;
			sourceTree = "<group>";
		};
		9BC716C019833B0C002EA01F /* Supporting Files */ = {
			isa = PBXGroup;
			children = (
				9BC716C119833B0C002EA01F /* PointrTests-Info.plist */,
				9BC716C219833B0C002EA01F /* InfoPlist.strings */,
			);
			name = "Supporting Files";
			sourceTree = "<group>";
		};
		D9B6991687425F8AD8155603 /* Pods */ = {
			isa = PBXGroup;
			children = (
				7EEA34D08A6092ED692B53A7 /* Pods-Pointr.debug.xcconfig */,
				9DABD2D5FD101666D3A99B03 /* Pods-Pointr.release.xcconfig */,
				17A02F927E8277E7D321261A /* Pods-PointrTests.debug.xcconfig */,
				438AE31101D496036F2E7463 /* Pods-PointrTests.release.xcconfig */,
			);
			name = Pods;
			sourceTree = "<group>";
		};
/* End PBXGroup section */

/* Begin PBXNativeTarget section */
		9BC7169619833B0C002EA01F /* Pointr */ = {
			isa = PBXNativeTarget;
			buildConfigurationList = 9BC716C919833B0C002EA01F /* Build configuration list for PBXNativeTarget "Pointr" */;
			buildPhases = (
				484EB29CCDF4AD471BABC64D /* Check Pods Manifest.lock */,
				9BC7169319833B0C002EA01F /* Sources */,
				9BC7169419833B0C002EA01F /* Frameworks */,
				9BC7169519833B0C002EA01F /* Resources */,
				F53C20060F37747F32D69717 /* Copy Pods Resources */,
			);
			buildRules = (
			);
			dependencies = (
			);
			name = Pointr;
			productName = Pointr;
			productReference = 9BC7169719833B0C002EA01F /* Pointr.app */;
			productType = "com.apple.product-type.application";
		};
		9BC716B719833B0C002EA01F /* PointrTests */ = {
			isa = PBXNativeTarget;
			buildConfigurationList = 9BC716CC19833B0C002EA01F /* Build configuration list for PBXNativeTarget "PointrTests" */;
			buildPhases = (
				166027795042D5C442AE9D96 /* Check Pods Manifest.lock */,
				9BC716B419833B0C002EA01F /* Sources */,
				9BC716B519833B0C002EA01F /* Frameworks */,
				9BC716B619833B0C002EA01F /* Resources */,
				A123D2B51378702B3BBA5290 /* Copy Pods Resources */,
			);
			buildRules = (
			);
			dependencies = (
				9BC716BE19833B0C002EA01F /* PBXTargetDependency */,
			);
			name = PointrTests;
			productName = PointrTests;
			productReference = 9BC716B819833B0C002EA01F /* PointrTests.xctest */;
			productType = "com.apple.product-type.bundle.unit-test";
		};
/* End PBXNativeTarget section */

/* Begin PBXProject section */
		9BC7168F19833B0C002EA01F /* Project object */ = {
			isa = PBXProject;
			attributes = {
				CLASSPREFIX = BSH;
				LastUpgradeCheck = 0510;
				ORGANIZATIONNAME = "Brushfire Inc.";
				TargetAttributes = {
					9BC7169619833B0C002EA01F = {
						DevelopmentTeam = E49S9A9ZRE;
					};
					9BC716B719833B0C002EA01F = {
						TestTargetID = 9BC7169619833B0C002EA01F;
					};
				};
			};
			buildConfigurationList = 9BC7169219833B0C002EA01F /* Build configuration list for PBXProject "Pointr" */;
			compatibilityVersion = "Xcode 3.2";
			developmentRegion = English;
			hasScannedForEncodings = 0;
			knownRegions = (
				en,
				Base,
			);
			mainGroup = 9BC7168E19833B0C002EA01F;
			productRefGroup = 9BC7169819833B0C002EA01F /* Products */;
			projectDirPath = "";
			projectRoot = "";
			targets = (
				9BC7169619833B0C002EA01F /* Pointr */,
				9BC716B719833B0C002EA01F /* PointrTests */,
			);
		};
/* End PBXProject section */

/* Begin PBXResourcesBuildPhase section */
		9BC7169519833B0C002EA01F /* Resources */ = {
			isa = PBXResourcesBuildPhase;
			buildActionMask = 2147483647;
			files = (
				9BC716E21983A69F002EA01F /* verticalArrowUp.png in Resources */,
				9BC716D819837E3A002EA01F /* registerButton.png in Resources */,
				9BC716E11983A69F002EA01F /* verticalArrowDown.png in Resources */,
				9B3B874619FBA2A10009CBB3 /* settings.png in Resources */,
				9BC716B319833B0C002EA01F /* Images.xcassets in Resources */,
				9BC716D0198359D2002EA01F /* Pointr.mobileprovision in Resources */,
				9BC716D719837E3A002EA01F /* loginButton.png in Resources */,
				9BC716E71983BD1F002EA01F /* horizontalArrowRight.png in Resources */,
				9BC716A519833B0C002EA01F /* InfoPlist.strings in Resources */,
				9BC716AE19833B0C002EA01F /* Main.storyboard in Resources */,
				9BE40478199D4312003DC7E3 /* Compass-Overlay.png in Resources */,
			);
			runOnlyForDeploymentPostprocessing = 0;
		};
		9BC716B619833B0C002EA01F /* Resources */ = {
			isa = PBXResourcesBuildPhase;
			buildActionMask = 2147483647;
			files = (
				9BC716C419833B0C002EA01F /* InfoPlist.strings in Resources */,
			);
			runOnlyForDeploymentPostprocessing = 0;
		};
/* End PBXResourcesBuildPhase section */

/* Begin PBXShellScriptBuildPhase section */
		166027795042D5C442AE9D96 /* Check Pods Manifest.lock */ = {
			isa = PBXShellScriptBuildPhase;
			buildActionMask = 2147483647;
			files = (
			);
			inputPaths = (
			);
			name = "Check Pods Manifest.lock";
			outputPaths = (
			);
			runOnlyForDeploymentPostprocessing = 0;
			shellPath = /bin/sh;
			shellScript = "diff \"${PODS_ROOT}/../Podfile.lock\" \"${PODS_ROOT}/Manifest.lock\" > /dev/null\nif [[ $? != 0 ]] ; then\n    cat << EOM\nerror: The sandbox is not in sync with the Podfile.lock. Run 'pod install' or update your CocoaPods installation.\nEOM\n    exit 1\nfi\n";
			showEnvVarsInLog = 0;
		};
		484EB29CCDF4AD471BABC64D /* Check Pods Manifest.lock */ = {
			isa = PBXShellScriptBuildPhase;
			buildActionMask = 2147483647;
			files = (
			);
			inputPaths = (
			);
			name = "Check Pods Manifest.lock";
			outputPaths = (
			);
			runOnlyForDeploymentPostprocessing = 0;
			shellPath = /bin/sh;
			shellScript = "diff \"${PODS_ROOT}/../Podfile.lock\" \"${PODS_ROOT}/Manifest.lock\" > /dev/null\nif [[ $? != 0 ]] ; then\n    cat << EOM\nerror: The sandbox is not in sync with the Podfile.lock. Run 'pod install' or update your CocoaPods installation.\nEOM\n    exit 1\nfi\n";
			showEnvVarsInLog = 0;
		};
		A123D2B51378702B3BBA5290 /* Copy Pods Resources */ = {
			isa = PBXShellScriptBuildPhase;
			buildActionMask = 2147483647;
			files = (
			);
			inputPaths = (
			);
			name = "Copy Pods Resources";
			outputPaths = (
			);
			runOnlyForDeploymentPostprocessing = 0;
			shellPath = /bin/sh;
			shellScript = "\"${SRCROOT}/Pods/Target Support Files/Pods-PointrTests/Pods-PointrTests-resources.sh\"\n";
			showEnvVarsInLog = 0;
		};
		F53C20060F37747F32D69717 /* Copy Pods Resources */ = {
			isa = PBXShellScriptBuildPhase;
			buildActionMask = 2147483647;
			files = (
			);
			inputPaths = (
			);
			name = "Copy Pods Resources";
			outputPaths = (
			);
			runOnlyForDeploymentPostprocessing = 0;
			shellPath = /bin/sh;
			shellScript = "\"${SRCROOT}/Pods/Target Support Files/Pods-Pointr/Pods-Pointr-resources.sh\"\n";
			showEnvVarsInLog = 0;
		};
/* End PBXShellScriptBuildPhase section */

/* Begin PBXSourcesBuildPhase section */
		9BC7169319833B0C002EA01F /* Sources */ = {
			isa = PBXSourcesBuildPhase;
			buildActionMask = 2147483647;
			files = (
				9BC716E51983B3BF002EA01F /* FriendsViewController.m in Sources */,
				9B3B874919FBA7640009CBB3 /* SuitorTableViewCell.m in Sources */,
				9BC716DE198387B6002EA01F /* LoginRegisterViewController.m in Sources */,
				9B4B29931B001D7500B8EFB9 /* SettingsViewController.h in Sources */,
				9BC716AB19833B0C002EA01F /* BSHAppDelegate.m in Sources */,
				9BC716A719833B0C002EA01F /* main.m in Sources */,
				9BFDCF681995E9C900C83096 /* SuitorsViewController.m in Sources */,
				9B4B29951B001E9700B8EFB9 /* SettingsViewController.m in Sources */,
				9BC716B119833B0C002EA01F /* PointrNavigationController.m in Sources */,
				9BE40476199D2939003DC7E3 /* CompassViewController.m in Sources */,
			);
			runOnlyForDeploymentPostprocessing = 0;
		};
		9BC716B419833B0C002EA01F /* Sources */ = {
			isa = PBXSourcesBuildPhase;
			buildActionMask = 2147483647;
			files = (
				9BC716C619833B0C002EA01F /* PointrTests.m in Sources */,
			);
			runOnlyForDeploymentPostprocessing = 0;
		};
/* End PBXSourcesBuildPhase section */

/* Begin PBXTargetDependency section */
		9BC716BE19833B0C002EA01F /* PBXTargetDependency */ = {
			isa = PBXTargetDependency;
			target = 9BC7169619833B0C002EA01F /* Pointr */;
			targetProxy = 9BC716BD19833B0C002EA01F /* PBXContainerItemProxy */;
		};
/* End PBXTargetDependency section */

/* Begin PBXVariantGroup section */
		9BC716A319833B0C002EA01F /* InfoPlist.strings */ = {
			isa = PBXVariantGroup;
			children = (
				9BC716A419833B0C002EA01F /* en */,
			);
			name = InfoPlist.strings;
			sourceTree = "<group>";
		};
		9BC716AC19833B0C002EA01F /* Main.storyboard */ = {
			isa = PBXVariantGroup;
			children = (
				9BC716AD19833B0C002EA01F /* Base */,
			);
			name = Main.storyboard;
			sourceTree = "<group>";
		};
		9BC716C219833B0C002EA01F /* InfoPlist.strings */ = {
			isa = PBXVariantGroup;
			children = (
				9BC716C319833B0C002EA01F /* en */,
			);
			name = InfoPlist.strings;
			sourceTree = "<group>";
		};
/* End PBXVariantGroup section */

/* Begin XCBuildConfiguration section */
		9BC716C719833B0C002EA01F /* Debug */ = {
			isa = XCBuildConfiguration;
			buildSettings = {
				ALWAYS_SEARCH_USER_PATHS = NO;
				CLANG_CXX_LANGUAGE_STANDARD = "gnu++0x";
				CLANG_CXX_LIBRARY = "libc++";
				CLANG_ENABLE_MODULES = YES;
				CLANG_ENABLE_OBJC_ARC = YES;
				CLANG_WARN_BOOL_CONVERSION = YES;
				CLANG_WARN_CONSTANT_CONVERSION = YES;
				CLANG_WARN_DIRECT_OBJC_ISA_USAGE = YES_ERROR;
				CLANG_WARN_EMPTY_BODY = YES;
				CLANG_WARN_ENUM_CONVERSION = YES;
				CLANG_WARN_INT_CONVERSION = YES;
				CLANG_WARN_OBJC_ROOT_CLASS = YES_ERROR;
				CLANG_WARN__DUPLICATE_METHOD_MATCH = YES;
				"CODE_SIGN_IDENTITY[sdk=iphoneos*]" = "iPhone Developer";
				COPY_PHASE_STRIP = NO;
				GCC_C_LANGUAGE_STANDARD = gnu99;
				GCC_DYNAMIC_NO_PIC = NO;
				GCC_OPTIMIZATION_LEVEL = 0;
				GCC_PREPROCESSOR_DEFINITIONS = (
					"DEBUG=1",
					"$(inherited)",
				);
				GCC_SYMBOLS_PRIVATE_EXTERN = NO;
				GCC_WARN_64_TO_32_BIT_CONVERSION = YES;
				GCC_WARN_ABOUT_RETURN_TYPE = YES_ERROR;
				GCC_WARN_UNDECLARED_SELECTOR = YES;
				GCC_WARN_UNINITIALIZED_AUTOS = YES_AGGRESSIVE;
				GCC_WARN_UNUSED_FUNCTION = YES;
				GCC_WARN_UNUSED_VARIABLE = YES;
				IPHONEOS_DEPLOYMENT_TARGET = 7.1;
				ONLY_ACTIVE_ARCH = YES;
				SDKROOT = iphoneos;
			};
			name = Debug;
		};
		9BC716C819833B0C002EA01F /* Release */ = {
			isa = XCBuildConfiguration;
			buildSettings = {
				ALWAYS_SEARCH_USER_PATHS = NO;
				CLANG_CXX_LANGUAGE_STANDARD = "gnu++0x";
				CLANG_CXX_LIBRARY = "libc++";
				CLANG_ENABLE_MODULES = YES;
				CLANG_ENABLE_OBJC_ARC = YES;
				CLANG_WARN_BOOL_CONVERSION = YES;
				CLANG_WARN_CONSTANT_CONVERSION = YES;
				CLANG_WARN_DIRECT_OBJC_ISA_USAGE = YES_ERROR;
				CLANG_WARN_EMPTY_BODY = YES;
				CLANG_WARN_ENUM_CONVERSION = YES;
				CLANG_WARN_INT_CONVERSION = YES;
				CLANG_WARN_OBJC_ROOT_CLASS = YES_ERROR;
				CLANG_WARN__DUPLICATE_METHOD_MATCH = YES;
				"CODE_SIGN_IDENTITY[sdk=iphoneos*]" = "iPhone Developer";
				COPY_PHASE_STRIP = YES;
				ENABLE_NS_ASSERTIONS = NO;
				GCC_C_LANGUAGE_STANDARD = gnu99;
				GCC_WARN_64_TO_32_BIT_CONVERSION = YES;
				GCC_WARN_ABOUT_RETURN_TYPE = YES_ERROR;
				GCC_WARN_UNDECLARED_SELECTOR = YES;
				GCC_WARN_UNINITIALIZED_AUTOS = YES_AGGRESSIVE;
				GCC_WARN_UNUSED_FUNCTION = YES;
				GCC_WARN_UNUSED_VARIABLE = YES;
				IPHONEOS_DEPLOYMENT_TARGET = 7.1;
				SDKROOT = iphoneos;
				VALIDATE_PRODUCT = YES;
			};
			name = Release;
		};
		9BC716CA19833B0C002EA01F /* Debug */ = {
			isa = XCBuildConfiguration;
			baseConfigurationReference = 7EEA34D08A6092ED692B53A7 /* Pods-Pointr.debug.xcconfig */;
			buildSettings = {
				ASSETCATALOG_COMPILER_APPICON_NAME = AppIcon;
				ASSETCATALOG_COMPILER_LAUNCHIMAGE_NAME = LaunchImage;
				CODE_SIGN_IDENTITY = "iPhone Developer";
				"CODE_SIGN_IDENTITY[sdk=iphoneos*]" = "iPhone Developer";
				GCC_PRECOMPILE_PREFIX_HEADER = YES;
				GCC_PREFIX_HEADER = "Pointr/Pointr-Prefix.pch";
				INFOPLIST_FILE = "Pointr/Pointr-Info.plist";
				PRODUCT_NAME = "$(TARGET_NAME)";
				PROVISIONING_PROFILE = "";
				WRAPPER_EXTENSION = app;
			};
			name = Debug;
		};
		9BC716CB19833B0C002EA01F /* Release */ = {
			isa = XCBuildConfiguration;
			baseConfigurationReference = 9DABD2D5FD101666D3A99B03 /* Pods-Pointr.release.xcconfig */;
			buildSettings = {
				ASSETCATALOG_COMPILER_APPICON_NAME = AppIcon;
				ASSETCATALOG_COMPILER_LAUNCHIMAGE_NAME = LaunchImage;
				CODE_SIGN_IDENTITY = "iPhone Developer";
				"CODE_SIGN_IDENTITY[sdk=iphoneos*]" = "iPhone Developer";
				GCC_PRECOMPILE_PREFIX_HEADER = YES;
				GCC_PREFIX_HEADER = "Pointr/Pointr-Prefix.pch";
				INFOPLIST_FILE = "Pointr/Pointr-Info.plist";
				PRODUCT_NAME = "$(TARGET_NAME)";
				PROVISIONING_PROFILE = "";
				WRAPPER_EXTENSION = app;
			};
			name = Release;
		};
		9BC716CD19833B0C002EA01F /* Debug */ = {
			isa = XCBuildConfiguration;
			baseConfigurationReference = 17A02F927E8277E7D321261A /* Pods-PointrTests.debug.xcconfig */;
			buildSettings = {
				BUNDLE_LOADER = "$(BUILT_PRODUCTS_DIR)/Pointr.app/Pointr";
				FRAMEWORK_SEARCH_PATHS = (
					"$(SDKROOT)/Developer/Library/Frameworks",
					"$(inherited)",
					"$(DEVELOPER_FRAMEWORKS_DIR)",
				);
				GCC_PRECOMPILE_PREFIX_HEADER = YES;
				GCC_PREFIX_HEADER = "Pointr/Pointr-Prefix.pch";
				GCC_PREPROCESSOR_DEFINITIONS = (
					"DEBUG=1",
					"$(inherited)",
				);
				INFOPLIST_FILE = "PointrTests/PointrTests-Info.plist";
				PRODUCT_NAME = "$(TARGET_NAME)";
				TEST_HOST = "$(BUNDLE_LOADER)";
				WRAPPER_EXTENSION = xctest;
			};
			name = Debug;
		};
		9BC716CE19833B0C002EA01F /* Release */ = {
			isa = XCBuildConfiguration;
			baseConfigurationReference = 438AE31101D496036F2E7463 /* Pods-PointrTests.release.xcconfig */;
			buildSettings = {
				BUNDLE_LOADER = "$(BUILT_PRODUCTS_DIR)/Pointr.app/Pointr";
				FRAMEWORK_SEARCH_PATHS = (
					"$(SDKROOT)/Developer/Library/Frameworks",
					"$(inherited)",
					"$(DEVELOPER_FRAMEWORKS_DIR)",
				);
				GCC_PRECOMPILE_PREFIX_HEADER = YES;
				GCC_PREFIX_HEADER = "Pointr/Pointr-Prefix.pch";
				INFOPLIST_FILE = "PointrTests/PointrTests-Info.plist";
				PRODUCT_NAME = "$(TARGET_NAME)";
				TEST_HOST = "$(BUNDLE_LOADER)";
				WRAPPER_EXTENSION = xctest;
			};
			name = Release;
		};
/* End XCBuildConfiguration section */

/* Begin XCConfigurationList section */
		9BC7169219833B0C002EA01F /* Build configuration list for PBXProject "Pointr" */ = {
			isa = XCConfigurationList;
			buildConfigurations = (
				9BC716C719833B0C002EA01F /* Debug */,
				9BC716C819833B0C002EA01F /* Release */,
			);
			defaultConfigurationIsVisible = 0;
			defaultConfigurationName = Release;
		};
		9BC716C919833B0C002EA01F /* Build configuration list for PBXNativeTarget "Pointr" */ = {
			isa = XCConfigurationList;
			buildConfigurations = (
				9BC716CA19833B0C002EA01F /* Debug */,
				9BC716CB19833B0C002EA01F /* Release */,
			);
			defaultConfigurationIsVisible = 0;
			defaultConfigurationName = Release;
		};
		9BC716CC19833B0C002EA01F /* Build configuration list for PBXNativeTarget "PointrTests" */ = {
			isa = XCConfigurationList;
			buildConfigurations = (
				9BC716CD19833B0C002EA01F /* Debug */,
				9BC716CE19833B0C002EA01F /* Release */,
			);
			defaultConfigurationIsVisible = 0;
			defaultConfigurationName = Release;
		};
/* End XCConfigurationList section */
	};
	rootObject = 9BC7168F19833B0C002EA01F /* Project object */;
}
